
Microsoft Visual Studio Solution File, Format Version 12.00
Project("{2150E333-8FDC-42A3-9474-1A3956D46DE8}") = "Orms", "Orms", "{25D9DF79-AD20-4035-9DF0-4561EA84B1B8}"
EndProject
Project("{2150E333-8FDC-42A3-9474-1A3956D46DE8}") = "EfCore", "EfCore", "{F63004C2-8144-45DB-BC0D-345CE5FEB7E8}"
EndProject
Project("{2150E333-8FDC-42A3-9474-1A3956D46DE8}") = "Commands", "Commands", "{3F350050-1ABA-41E9-9657-5BC07591EB0C}"
EndProject
Project("{2150E333-8FDC-42A3-9474-1A3956D46DE8}") = "UpdateOneToOne", "UpdateOneToOne", "{5106D56C-1EB7-460D-937C-B91873410FBD}"
EndProject
Project("{FAE04EC0-301F-11D3-BF4B-00C04F79EFBC}") = "EfCore.Commands.RelationalUpdate", "EfCore.Commands.RelationalUpdate\EfCore.Commands.RelationalUpdate.csproj", "{C0FD0D56-F07C-4BF4-91FE-9E407F55143F}"
EndProject
Project("{2150E333-8FDC-42A3-9474-1A3956D46DE8}") = "Queries", "Queries", "{30349DA5-B25B-4ED7-8722-27330CE2AF8B}"
EndProject
Project("{2150E333-8FDC-42A3-9474-1A3956D46DE8}") = "GlobalQueryFilter", "GlobalQueryFilter", "{C6BCA398-7083-404F-9D53-FEBCF31A3F54}"
EndProject
Project("{FAE04EC0-301F-11D3-BF4B-00C04F79EFBC}") = "EfCore.Queries.GlobalQueryFilter", "EfCore.Queries.GlobalQueryFilter\EfCore.Queries.GlobalQueryFilter.csproj", "{DE872537-C925-49E6-BBB2-A02AD930FA5D}"
EndProject
Project("{2150E333-8FDC-42A3-9474-1A3956D46DE8}") = "TrackedEntities", "TrackedEntities", "{65F61D4B-7629-4B3C-B109-416F77F64FB9}"
EndProject
Project("{2150E333-8FDC-42A3-9474-1A3956D46DE8}") = "NonTrackedEntities", "NonTrackedEntities", "{89A5C44B-64A3-43BF-B6BB-B9A87F521423}"
EndProject
Project("{FAE04EC0-301F-11D3-BF4B-00C04F79EFBC}") = "EfCore.Queries.NonTrackedEntities", "EfCore.Queries.NonTrackedEntities\EfCore.Queries.NonTrackedEntities.csproj", "{A0FCAD25-DD5A-4E47-BB3C-9A67D257807C}"
EndProject
Project("{2150E333-8FDC-42A3-9474-1A3956D46DE8}") = "SplitQueries", "SplitQueries", "{2CD3622D-53F5-4698-81FD-1F942DC78ADE}"
EndProject
Project("{FAE04EC0-301F-11D3-BF4B-00C04F79EFBC}") = "EfCore.Queries.SplitQueries", "EfCore.Queries.SplitQueries\EfCore.Queries.SplitQueries.csproj", "{A6557792-AA9F-4E9E-B5A0-88957086A8A9}"
EndProject
Project("{2150E333-8FDC-42A3-9474-1A3956D46DE8}") = "Interceptors", "Interceptors", "{384FA3DE-6797-40EE-B5CD-2D0FDB2226DA}"
EndProject
Project("{2150E333-8FDC-42A3-9474-1A3956D46DE8}") = "AuditInterceptor", "AuditInterceptor", "{39B08C5C-3807-437F-A361-BB6CBB578434}"
EndProject
Project("{FAE04EC0-301F-11D3-BF4B-00C04F79EFBC}") = "EfCore.AuditInterceptor.Domain", "EfCore.AuditInterceptor.Domain\EfCore.AuditInterceptor.Domain.csproj", "{0C9B221E-3FE0-4C23-B7EA-721D2C946B3B}"
EndProject
Project("{FAE04EC0-301F-11D3-BF4B-00C04F79EFBC}") = "EfCore.AuditInterceptor.Persistence", "EfCore.AuditInterceptor.Persistence\EfCore.AuditInterceptor.Persistence.csproj", "{6756E830-3D33-435F-9593-1C21CE97E05C}"
EndProject
Project("{FAE04EC0-301F-11D3-BF4B-00C04F79EFBC}") = "EfCore.AuditInterceptor.Infrastructure", "EfCore.AuditInterceptor.Infrastructure\EfCore.AuditInterceptor.Infrastructure.csproj", "{23D34A79-326F-44E0-A93D-536D669386AC}"
EndProject
Project("{FAE04EC0-301F-11D3-BF4B-00C04F79EFBC}") = "EfCore.AuditInterceptor.Application", "EfCore.AuditInterceptor.Application\EfCore.AuditInterceptor.Application.csproj", "{576EEA2C-F4B8-4D2F-A2E8-EF4589FC86BE}"
EndProject
Project("{FAE04EC0-301F-11D3-BF4B-00C04F79EFBC}") = "EfCore.AuditInterceptor.Api", "EfCore.AuditInterceptor.Api\EfCore.AuditInterceptor.Api.csproj", "{D05C11D0-C856-4EFE-9FE5-B5068C2C0EB7}"
EndProject
Project("{2150E333-8FDC-42A3-9474-1A3956D46DE8}") = "RelationConfiguration", "RelationConfiguration", "{51072170-4EC4-4198-B143-3060E8A8621A}"
EndProject
Project("{2150E333-8FDC-42A3-9474-1A3956D46DE8}") = "ManyToMany", "ManyToMany", "{B0492FCF-CEEE-4C51-B6B8-559282EB3C31}"
EndProject
Project("{FAE04EC0-301F-11D3-BF4B-00C04F79EFBC}") = "EntityConfiguration.ManyToMany.DirectNavigation", "EntityConfiguration.ManyToMany.DirectNavigation\EntityConfiguration.ManyToMany.DirectNavigation.csproj", "{C7E47827-B918-449B-9560-1F41827292E8}"
EndProject
Global
	GlobalSection(SolutionConfigurationPlatforms) = preSolution
		Debug|Any CPU = Debug|Any CPU
		Release|Any CPU = Release|Any CPU
	EndGlobalSection
	GlobalSection(NestedProjects) = preSolution
		{F63004C2-8144-45DB-BC0D-345CE5FEB7E8} = {25D9DF79-AD20-4035-9DF0-4561EA84B1B8}
		{3F350050-1ABA-41E9-9657-5BC07591EB0C} = {F63004C2-8144-45DB-BC0D-345CE5FEB7E8}
		{5106D56C-1EB7-460D-937C-B91873410FBD} = {3F350050-1ABA-41E9-9657-5BC07591EB0C}
		{C0FD0D56-F07C-4BF4-91FE-9E407F55143F} = {3F350050-1ABA-41E9-9657-5BC07591EB0C}
		{30349DA5-B25B-4ED7-8722-27330CE2AF8B} = {F63004C2-8144-45DB-BC0D-345CE5FEB7E8}
		{C6BCA398-7083-404F-9D53-FEBCF31A3F54} = {30349DA5-B25B-4ED7-8722-27330CE2AF8B}
		{DE872537-C925-49E6-BBB2-A02AD930FA5D} = {C6BCA398-7083-404F-9D53-FEBCF31A3F54}
		{65F61D4B-7629-4B3C-B109-416F77F64FB9} = {30349DA5-B25B-4ED7-8722-27330CE2AF8B}
		{89A5C44B-64A3-43BF-B6BB-B9A87F521423} = {30349DA5-B25B-4ED7-8722-27330CE2AF8B}
		{A0FCAD25-DD5A-4E47-BB3C-9A67D257807C} = {89A5C44B-64A3-43BF-B6BB-B9A87F521423}
		{2CD3622D-53F5-4698-81FD-1F942DC78ADE} = {30349DA5-B25B-4ED7-8722-27330CE2AF8B}
		{A6557792-AA9F-4E9E-B5A0-88957086A8A9} = {2CD3622D-53F5-4698-81FD-1F942DC78ADE}
		{384FA3DE-6797-40EE-B5CD-2D0FDB2226DA} = {F63004C2-8144-45DB-BC0D-345CE5FEB7E8}
		{39B08C5C-3807-437F-A361-BB6CBB578434} = {384FA3DE-6797-40EE-B5CD-2D0FDB2226DA}
		{0C9B221E-3FE0-4C23-B7EA-721D2C946B3B} = {39B08C5C-3807-437F-A361-BB6CBB578434}
		{6756E830-3D33-435F-9593-1C21CE97E05C} = {39B08C5C-3807-437F-A361-BB6CBB578434}
		{23D34A79-326F-44E0-A93D-536D669386AC} = {39B08C5C-3807-437F-A361-BB6CBB578434}
		{576EEA2C-F4B8-4D2F-A2E8-EF4589FC86BE} = {39B08C5C-3807-437F-A361-BB6CBB578434}
		{D05C11D0-C856-4EFE-9FE5-B5068C2C0EB7} = {39B08C5C-3807-437F-A361-BB6CBB578434}
		{51072170-4EC4-4198-B143-3060E8A8621A} = {F63004C2-8144-45DB-BC0D-345CE5FEB7E8}
		{B0492FCF-CEEE-4C51-B6B8-559282EB3C31} = {51072170-4EC4-4198-B143-3060E8A8621A}
		{C7E47827-B918-449B-9560-1F41827292E8} = {B0492FCF-CEEE-4C51-B6B8-559282EB3C31}
	EndGlobalSection
	GlobalSection(ProjectConfigurationPlatforms) = postSolution
		{C0FD0D56-F07C-4BF4-91FE-9E407F55143F}.Debug|Any CPU.ActiveCfg = Debug|Any CPU
		{C0FD0D56-F07C-4BF4-91FE-9E407F55143F}.Debug|Any CPU.Build.0 = Debug|Any CPU
		{C0FD0D56-F07C-4BF4-91FE-9E407F55143F}.Release|Any CPU.ActiveCfg = Release|Any CPU
		{C0FD0D56-F07C-4BF4-91FE-9E407F55143F}.Release|Any CPU.Build.0 = Release|Any CPU
		{DE872537-C925-49E6-BBB2-A02AD930FA5D}.Debug|Any CPU.ActiveCfg = Debug|Any CPU
		{DE872537-C925-49E6-BBB2-A02AD930FA5D}.Debug|Any CPU.Build.0 = Debug|Any CPU
		{DE872537-C925-49E6-BBB2-A02AD930FA5D}.Release|Any CPU.ActiveCfg = Release|Any CPU
		{DE872537-C925-49E6-BBB2-A02AD930FA5D}.Release|Any CPU.Build.0 = Release|Any CPU
		{A0FCAD25-DD5A-4E47-BB3C-9A67D257807C}.Debug|Any CPU.ActiveCfg = Debug|Any CPU
		{A0FCAD25-DD5A-4E47-BB3C-9A67D257807C}.Debug|Any CPU.Build.0 = Debug|Any CPU
		{A0FCAD25-DD5A-4E47-BB3C-9A67D257807C}.Release|Any CPU.ActiveCfg = Release|Any CPU
		{A0FCAD25-DD5A-4E47-BB3C-9A67D257807C}.Release|Any CPU.Build.0 = Release|Any CPU
		{A6557792-AA9F-4E9E-B5A0-88957086A8A9}.Debug|Any CPU.ActiveCfg = Debug|Any CPU
		{A6557792-AA9F-4E9E-B5A0-88957086A8A9}.Debug|Any CPU.Build.0 = Debug|Any CPU
		{A6557792-AA9F-4E9E-B5A0-88957086A8A9}.Release|Any CPU.ActiveCfg = Release|Any CPU
		{A6557792-AA9F-4E9E-B5A0-88957086A8A9}.Release|Any CPU.Build.0 = Release|Any CPU
		{0C9B221E-3FE0-4C23-B7EA-721D2C946B3B}.Debug|Any CPU.ActiveCfg = Debug|Any CPU
		{0C9B221E-3FE0-4C23-B7EA-721D2C946B3B}.Debug|Any CPU.Build.0 = Debug|Any CPU
		{0C9B221E-3FE0-4C23-B7EA-721D2C946B3B}.Release|Any CPU.ActiveCfg = Release|Any CPU
		{0C9B221E-3FE0-4C23-B7EA-721D2C946B3B}.Release|Any CPU.Build.0 = Release|Any CPU
		{6756E830-3D33-435F-9593-1C21CE97E05C}.Debug|Any CPU.ActiveCfg = Debug|Any CPU
		{6756E830-3D33-435F-9593-1C21CE97E05C}.Debug|Any CPU.Build.0 = Debug|Any CPU
		{6756E830-3D33-435F-9593-1C21CE97E05C}.Release|Any CPU.ActiveCfg = Release|Any CPU
		{6756E830-3D33-435F-9593-1C21CE97E05C}.Release|Any CPU.Build.0 = Release|Any CPU
		{23D34A79-326F-44E0-A93D-536D669386AC}.Debug|Any CPU.ActiveCfg = Debug|Any CPU
		{23D34A79-326F-44E0-A93D-536D669386AC}.Debug|Any CPU.Build.0 = Debug|Any CPU
		{23D34A79-326F-44E0-A93D-536D669386AC}.Release|Any CPU.ActiveCfg = Release|Any CPU
		{23D34A79-326F-44E0-A93D-536D669386AC}.Release|Any CPU.Build.0 = Release|Any CPU
		{576EEA2C-F4B8-4D2F-A2E8-EF4589FC86BE}.Debug|Any CPU.ActiveCfg = Debug|Any CPU
		{576EEA2C-F4B8-4D2F-A2E8-EF4589FC86BE}.Debug|Any CPU.Build.0 = Debug|Any CPU
		{576EEA2C-F4B8-4D2F-A2E8-EF4589FC86BE}.Release|Any CPU.ActiveCfg = Release|Any CPU
		{576EEA2C-F4B8-4D2F-A2E8-EF4589FC86BE}.Release|Any CPU.Build.0 = Release|Any CPU
		{D05C11D0-C856-4EFE-9FE5-B5068C2C0EB7}.Debug|Any CPU.ActiveCfg = Debug|Any CPU
		{D05C11D0-C856-4EFE-9FE5-B5068C2C0EB7}.Debug|Any CPU.Build.0 = Debug|Any CPU
		{D05C11D0-C856-4EFE-9FE5-B5068C2C0EB7}.Release|Any CPU.ActiveCfg = Release|Any CPU
		{D05C11D0-C856-4EFE-9FE5-B5068C2C0EB7}.Release|Any CPU.Build.0 = Release|Any CPU
		{C7E47827-B918-449B-9560-1F41827292E8}.Debug|Any CPU.ActiveCfg = Debug|Any CPU
		{C7E47827-B918-449B-9560-1F41827292E8}.Debug|Any CPU.Build.0 = Debug|Any CPU
		{C7E47827-B918-449B-9560-1F41827292E8}.Release|Any CPU.ActiveCfg = Release|Any CPU
		{C7E47827-B918-449B-9560-1F41827292E8}.Release|Any CPU.Build.0 = Release|Any CPU
	EndGlobalSection
EndGlobal
